
Microsoft Visual Studio Solution File, Format Version 12.00
# Visual Studio Version 17
VisualStudioVersion = 17.9.34701.34
MinimumVisualStudioVersion = 10.0.40219.1
Project("{FAE04EC0-301F-11D3-BF4B-00C04F79EFBC}") = "lab2", "lab2\lab2.csproj", "{DC3E307E-17E2-4A29-AFEB-FB94AE61D200}"
EndProject
Global
	GlobalSection(SolutionConfigurationPlatforms) = preSolution
		Debug|Any CPU = Debug|Any CPU
		Release|Any CPU = Release|Any CPU
	EndGlobalSection
	GlobalSection(ProjectConfigurationPlatforms) = postSolution
		{DC3E307E-17E2-4A29-AFEB-FB94AE61D200}.Debug|Any CPU.ActiveCfg = Debug|Any CPU
		{DC3E307E-17E2-4A29-AFEB-FB94AE61D200}.Debug|Any CPU.Build.0 = Debug|Any CPU
		{DC3E307E-17E2-4A29-AFEB-FB94AE61D200}.Release|Any CPU.ActiveCfg = Release|Any CPU
		{DC3E307E-17E2-4A29-AFEB-FB94AE61D200}.Release|Any CPU.Build.0 = Release|Any CPU
	EndGlobalSection
	GlobalSection(SolutionProperties) = preSolution
		HideSolutionNode = FALSE
	EndGlobalSection
	GlobalSection(ExtensibilityGlobals) = postSolution
		SolutionGuid = {E29F4A12-6390-4715-A4B8-7308C474EAF9}
	EndGlobalSection
EndGlobal
